
Microsoft Visual Studio Solution File, Format Version 12.00
# Visual Studio Version 16
VisualStudioVersion = 16.0.34114.132
MinimumVisualStudioVersion = 10.0.40219.1
Project("{FAE04EC0-301F-11D3-BF4B-00C04F79EFBC}") = "Reflection", "Reflection\Reflection.csproj", "{ED58C74C-D692-485A-A1AF-E0F87BFB0ADE}"
EndProject
Project("{FAE04EC0-301F-11D3-BF4B-00C04F79EFBC}") = "SqlServerDB", "SqlServerDB\SqlServerDB.csproj", "{63405EAC-457C-4797-94F6-6BB76EF409EF}"
EndProject
Global
	GlobalSection(SolutionConfigurationPlatforms) = preSolution
		Debug|Any CPU = Debug|Any CPU
		Release|Any CPU = Release|Any CPU
	EndGlobalSection
	GlobalSection(ProjectConfigurationPlatforms) = postSolution
		{ED58C74C-D692-485A-A1AF-E0F87BFB0ADE}.Debug|Any CPU.ActiveCfg = Debug|Any CPU
		{ED58C74C-D692-485A-A1AF-E0F87BFB0ADE}.Debug|Any CPU.Build.0 = Debug|Any CPU
		{ED58C74C-D692-485A-A1AF-E0F87BFB0ADE}.Release|Any CPU.ActiveCfg = Release|Any CPU
		{ED58C74C-D692-485A-A1AF-E0F87BFB0ADE}.Release|Any CPU.Build.0 = Release|Any CPU
		{63405EAC-457C-4797-94F6-6BB76EF409EF}.Debug|Any CPU.ActiveCfg = Debug|Any CPU
		{63405EAC-457C-4797-94F6-6BB76EF409EF}.Debug|Any CPU.Build.0 = Debug|Any CPU
		{63405EAC-457C-4797-94F6-6BB76EF409EF}.Release|Any CPU.ActiveCfg = Release|Any CPU
		{63405EAC-457C-4797-94F6-6BB76EF409EF}.Release|Any CPU.Build.0 = Release|Any CPU
	EndGlobalSection
	GlobalSection(SolutionProperties) = preSolution
		HideSolutionNode = FALSE
	EndGlobalSection
	GlobalSection(ExtensibilityGlobals) = postSolution
		SolutionGuid = {6A0E370B-9458-46C7-9F5E-AA06FB759B4F}
	EndGlobalSection
EndGlobal
